// !$*UTF8*$!
{
	archiveVersion = 1;
	classes = {
	};
	objectVersion = 51;
	objects = {

/* Begin PBXBuildFile section */
		15B39AD7FDC6E8F7B0A0D289 /* Pods_GithubUserApp.framework in Frameworks */ = {isa = PBXBuildFile; fileRef = 6B07F81DD2A0399049BEC781 /* Pods_GithubUserApp.framework */; };
		3E3637E3274DC5FF00FE9A96 /* FavoriteRouter.swift in Sources */ = {isa = PBXBuildFile; fileRef = 3E3637E2274DC5FF00FE9A96 /* FavoriteRouter.swift */; };
		3E3637E6274DCBF300FE9A96 /* Alert.swift in Sources */ = {isa = PBXBuildFile; fileRef = 3E3637E5274DCBF300FE9A96 /* Alert.swift */; };
		3E3637E8274DD34D00FE9A96 /* APIToken-Info.plist in Resources */ = {isa = PBXBuildFile; fileRef = 3E3637E7274DD34D00FE9A96 /* APIToken-Info.plist */; };
		3E3637EB274DDC0600FE9A96 /* ProfileViewController.swift in Sources */ = {isa = PBXBuildFile; fileRef = 3E3637EA274DDC0600FE9A96 /* ProfileViewController.swift */; };
		3E61C4D8274A3D7000D58E98 /* DetailViewController.swift in Sources */ = {isa = PBXBuildFile; fileRef = 3E61C4D6274A3D7000D58E98 /* DetailViewController.swift */; };
		3E61C4D9274A3D7000D58E98 /* DetailViewController.xib in Resources */ = {isa = PBXBuildFile; fileRef = 3E61C4D7274A3D7000D58E98 /* DetailViewController.xib */; };
		3E61C4DB274A4C6300D58E98 /* DetailUserModel.swift in Sources */ = {isa = PBXBuildFile; fileRef = 3E61C4DA274A4C6300D58E98 /* DetailUserModel.swift */; };
		3E61C4DD274A54DD00D58E98 /* DetailUserResponse.swift in Sources */ = {isa = PBXBuildFile; fileRef = 3E61C4DC274A54DD00D58E98 /* DetailUserResponse.swift */; };
		3E61C4DF274A59BE00D58E98 /* DetailUserMapper.swift in Sources */ = {isa = PBXBuildFile; fileRef = 3E61C4DE274A59BE00D58E98 /* DetailUserMapper.swift */; };
		3E61C4E1274A5D2200D58E98 /* DetailUserPresenter.swift in Sources */ = {isa = PBXBuildFile; fileRef = 3E61C4E0274A5D2200D58E98 /* DetailUserPresenter.swift */; };
		3E61C4E3274A6BFE00D58E98 /* DetailUserInteractor.swift in Sources */ = {isa = PBXBuildFile; fileRef = 3E61C4E2274A6BFE00D58E98 /* DetailUserInteractor.swift */; };
		3E61C4E5274A726F00D58E98 /* UIImageView+Ext.swift in Sources */ = {isa = PBXBuildFile; fileRef = 3E61C4E4274A726F00D58E98 /* UIImageView+Ext.swift */; };
		3E61C4EA274A74EF00D58E98 /* HomeRouter.swift in Sources */ = {isa = PBXBuildFile; fileRef = 3E61C4E9274A74EF00D58E98 /* HomeRouter.swift */; };
		3E61C4F4274A8CCF00D58E98 /* DetailUserEntity.swift in Sources */ = {isa = PBXBuildFile; fileRef = 3E61C4F3274A8CCF00D58E98 /* DetailUserEntity.swift */; };
		3E94957B274742F300D30659 /* AppDelegate.swift in Sources */ = {isa = PBXBuildFile; fileRef = 3E94957A274742F300D30659 /* AppDelegate.swift */; };
		3E94957D274742F300D30659 /* SceneDelegate.swift in Sources */ = {isa = PBXBuildFile; fileRef = 3E94957C274742F300D30659 /* SceneDelegate.swift */; };
		3E949582274742F300D30659 /* Main.storyboard in Resources */ = {isa = PBXBuildFile; fileRef = 3E949580274742F300D30659 /* Main.storyboard */; };
		3E949584274742F400D30659 /* Assets.xcassets in Resources */ = {isa = PBXBuildFile; fileRef = 3E949583274742F400D30659 /* Assets.xcassets */; };
		3E949587274742F400D30659 /* LaunchScreen.storyboard in Resources */ = {isa = PBXBuildFile; fileRef = 3E949585274742F400D30659 /* LaunchScreen.storyboard */; };
		3E94958F2747443400D30659 /* .swiftlint.yml in Resources */ = {isa = PBXBuildFile; fileRef = 3E94958E2747443400D30659 /* .swiftlint.yml */; };
		3E949596274750CC00D30659 /* HomeViewController.swift in Sources */ = {isa = PBXBuildFile; fileRef = 3E949595274750CC00D30659 /* HomeViewController.swift */; };
		3E9495992747527A00D30659 /* HomeTableViewCell.swift in Sources */ = {isa = PBXBuildFile; fileRef = 3E9495972747527A00D30659 /* HomeTableViewCell.swift */; };
		3E94959A2747527A00D30659 /* HomeTableViewCell.xib in Resources */ = {isa = PBXBuildFile; fileRef = 3E9495982747527A00D30659 /* HomeTableViewCell.xib */; };
		3E94959F27475A1A00D30659 /* UserModel.swift in Sources */ = {isa = PBXBuildFile; fileRef = 3E94959E27475A1A00D30659 /* UserModel.swift */; };
		3E9495A427475B3800D30659 /* UserResponse.swift in Sources */ = {isa = PBXBuildFile; fileRef = 3E9495A327475B3800D30659 /* UserResponse.swift */; };
		3E9495A627475C2B00D30659 /* RemoteDataSource.swift in Sources */ = {isa = PBXBuildFile; fileRef = 3E9495A527475C2B00D30659 /* RemoteDataSource.swift */; };
		3E9495AA27475D5800D30659 /* CustomeError+Ext.swift in Sources */ = {isa = PBXBuildFile; fileRef = 3E9495A927475D5800D30659 /* CustomeError+Ext.swift */; };
		3E9495AD27475F8D00D30659 /* APICall.swift in Sources */ = {isa = PBXBuildFile; fileRef = 3E9495AC27475F8D00D30659 /* APICall.swift */; };
		3E9495AF2747737B00D30659 /* UserRepository.swift in Sources */ = {isa = PBXBuildFile; fileRef = 3E9495AE2747737B00D30659 /* UserRepository.swift */; };
		3E9495B22747782600D30659 /* UserMapper.swift in Sources */ = {isa = PBXBuildFile; fileRef = 3E9495B12747782600D30659 /* UserMapper.swift */; };
		3E9495B527477B0D00D30659 /* HomeInteractor.swift in Sources */ = {isa = PBXBuildFile; fileRef = 3E9495B427477B0D00D30659 /* HomeInteractor.swift */; };
		3E9495B727477EA500D30659 /* HomePresenter.swift in Sources */ = {isa = PBXBuildFile; fileRef = 3E9495B627477EA500D30659 /* HomePresenter.swift */; };
		3E9495BA274783E700D30659 /* Injection.swift in Sources */ = {isa = PBXBuildFile; fileRef = 3E9495B9274783E700D30659 /* Injection.swift */; };
		3E9495BE2747C06F00D30659 /* UserEntity.swift in Sources */ = {isa = PBXBuildFile; fileRef = 3E9495BD2747C06F00D30659 /* UserEntity.swift */; };
		3E9495C02747C08100D30659 /* LocaleDataSource.swift in Sources */ = {isa = PBXBuildFile; fileRef = 3E9495BF2747C08100D30659 /* LocaleDataSource.swift */; };
		3E9B45AF274B42BD005BDEAE /* FavoritesViewController.swift in Sources */ = {isa = PBXBuildFile; fileRef = 3E9B45AE274B42BD005BDEAE /* FavoritesViewController.swift */; };
		3E9B45B2274B43DE005BDEAE /* FavoriteTableViewCell.swift in Sources */ = {isa = PBXBuildFile; fileRef = 3E9B45B0274B43DE005BDEAE /* FavoriteTableViewCell.swift */; };
		3E9B45B3274B43DE005BDEAE /* FavoriteTableViewCell.xib in Resources */ = {isa = PBXBuildFile; fileRef = 3E9B45B1274B43DE005BDEAE /* FavoriteTableViewCell.xib */; };
		3E9B45B5274B4FB2005BDEAE /* FavoriteInteractor.swift in Sources */ = {isa = PBXBuildFile; fileRef = 3E9B45B4274B4FB2005BDEAE /* FavoriteInteractor.swift */; };
		3E9B45B8274B5363005BDEAE /* FavoritePresenter.swift in Sources */ = {isa = PBXBuildFile; fileRef = 3E9B45B7274B5363005BDEAE /* FavoritePresenter.swift */; };
/* End PBXBuildFile section */

/* Begin PBXFileReference section */
		3E3637E2274DC5FF00FE9A96 /* FavoriteRouter.swift */ = {isa = PBXFileReference; lastKnownFileType = sourcecode.swift; path = FavoriteRouter.swift; sourceTree = "<group>"; };
		3E3637E5274DCBF300FE9A96 /* Alert.swift */ = {isa = PBXFileReference; lastKnownFileType = sourcecode.swift; path = Alert.swift; sourceTree = "<group>"; };
		3E3637E7274DD34D00FE9A96 /* APIToken-Info.plist */ = {isa = PBXFileReference; fileEncoding = 4; lastKnownFileType = text.plist.xml; path = "APIToken-Info.plist"; sourceTree = "<group>"; };
		3E3637EA274DDC0600FE9A96 /* ProfileViewController.swift */ = {isa = PBXFileReference; lastKnownFileType = sourcecode.swift; path = ProfileViewController.swift; sourceTree = "<group>"; };
		3E61C4D6274A3D7000D58E98 /* DetailViewController.swift */ = {isa = PBXFileReference; lastKnownFileType = sourcecode.swift; path = DetailViewController.swift; sourceTree = "<group>"; };
		3E61C4D7274A3D7000D58E98 /* DetailViewController.xib */ = {isa = PBXFileReference; lastKnownFileType = file.xib; path = DetailViewController.xib; sourceTree = "<group>"; };
		3E61C4DA274A4C6300D58E98 /* DetailUserModel.swift */ = {isa = PBXFileReference; lastKnownFileType = sourcecode.swift; path = DetailUserModel.swift; sourceTree = "<group>"; };
		3E61C4DC274A54DD00D58E98 /* DetailUserResponse.swift */ = {isa = PBXFileReference; lastKnownFileType = sourcecode.swift; path = DetailUserResponse.swift; sourceTree = "<group>"; };
		3E61C4DE274A59BE00D58E98 /* DetailUserMapper.swift */ = {isa = PBXFileReference; lastKnownFileType = sourcecode.swift; path = DetailUserMapper.swift; sourceTree = "<group>"; };
		3E61C4E0274A5D2200D58E98 /* DetailUserPresenter.swift */ = {isa = PBXFileReference; lastKnownFileType = sourcecode.swift; path = DetailUserPresenter.swift; sourceTree = "<group>"; };
		3E61C4E2274A6BFE00D58E98 /* DetailUserInteractor.swift */ = {isa = PBXFileReference; lastKnownFileType = sourcecode.swift; path = DetailUserInteractor.swift; sourceTree = "<group>"; };
		3E61C4E4274A726F00D58E98 /* UIImageView+Ext.swift */ = {isa = PBXFileReference; lastKnownFileType = sourcecode.swift; path = "UIImageView+Ext.swift"; sourceTree = "<group>"; };
		3E61C4E9274A74EF00D58E98 /* HomeRouter.swift */ = {isa = PBXFileReference; lastKnownFileType = sourcecode.swift; path = HomeRouter.swift; sourceTree = "<group>"; };
		3E61C4F3274A8CCF00D58E98 /* DetailUserEntity.swift */ = {isa = PBXFileReference; lastKnownFileType = sourcecode.swift; path = DetailUserEntity.swift; sourceTree = "<group>"; };
		3E949577274742F300D30659 /* GithubUserApp.app */ = {isa = PBXFileReference; explicitFileType = wrapper.application; includeInIndex = 0; path = GithubUserApp.app; sourceTree = BUILT_PRODUCTS_DIR; };
		3E94957A274742F300D30659 /* AppDelegate.swift */ = {isa = PBXFileReference; lastKnownFileType = sourcecode.swift; path = AppDelegate.swift; sourceTree = "<group>"; };
		3E94957C274742F300D30659 /* SceneDelegate.swift */ = {isa = PBXFileReference; lastKnownFileType = sourcecode.swift; path = SceneDelegate.swift; sourceTree = "<group>"; };
		3E949581274742F300D30659 /* Base */ = {isa = PBXFileReference; lastKnownFileType = file.storyboard; name = Base; path = Base.lproj/Main.storyboard; sourceTree = "<group>"; };
		3E949583274742F400D30659 /* Assets.xcassets */ = {isa = PBXFileReference; lastKnownFileType = folder.assetcatalog; path = Assets.xcassets; sourceTree = "<group>"; };
		3E949586274742F400D30659 /* Base */ = {isa = PBXFileReference; lastKnownFileType = file.storyboard; name = Base; path = Base.lproj/LaunchScreen.storyboard; sourceTree = "<group>"; };
		3E949588274742F400D30659 /* Info.plist */ = {isa = PBXFileReference; lastKnownFileType = text.plist.xml; path = Info.plist; sourceTree = "<group>"; };
		3E94958E2747443400D30659 /* .swiftlint.yml */ = {isa = PBXFileReference; lastKnownFileType = text.yaml; path = .swiftlint.yml; sourceTree = "<group>"; };
		3E949595274750CC00D30659 /* HomeViewController.swift */ = {isa = PBXFileReference; lastKnownFileType = sourcecode.swift; path = HomeViewController.swift; sourceTree = "<group>"; };
		3E9495972747527A00D30659 /* HomeTableViewCell.swift */ = {isa = PBXFileReference; lastKnownFileType = sourcecode.swift; path = HomeTableViewCell.swift; sourceTree = "<group>"; };
		3E9495982747527A00D30659 /* HomeTableViewCell.xib */ = {isa = PBXFileReference; lastKnownFileType = file.xib; path = HomeTableViewCell.xib; sourceTree = "<group>"; };
		3E94959E27475A1A00D30659 /* UserModel.swift */ = {isa = PBXFileReference; lastKnownFileType = sourcecode.swift; path = UserModel.swift; sourceTree = "<group>"; };
		3E9495A327475B3800D30659 /* UserResponse.swift */ = {isa = PBXFileReference; lastKnownFileType = sourcecode.swift; path = UserResponse.swift; sourceTree = "<group>"; };
		3E9495A527475C2B00D30659 /* RemoteDataSource.swift */ = {isa = PBXFileReference; lastKnownFileType = sourcecode.swift; path = RemoteDataSource.swift; sourceTree = "<group>"; };
		3E9495A927475D5800D30659 /* CustomeError+Ext.swift */ = {isa = PBXFileReference; lastKnownFileType = sourcecode.swift; path = "CustomeError+Ext.swift"; sourceTree = "<group>"; };
		3E9495AC27475F8D00D30659 /* APICall.swift */ = {isa = PBXFileReference; lastKnownFileType = sourcecode.swift; path = APICall.swift; sourceTree = "<group>"; };
		3E9495AE2747737B00D30659 /* UserRepository.swift */ = {isa = PBXFileReference; lastKnownFileType = sourcecode.swift; path = UserRepository.swift; sourceTree = "<group>"; };
		3E9495B12747782600D30659 /* UserMapper.swift */ = {isa = PBXFileReference; lastKnownFileType = sourcecode.swift; path = UserMapper.swift; sourceTree = "<group>"; };
		3E9495B427477B0D00D30659 /* HomeInteractor.swift */ = {isa = PBXFileReference; lastKnownFileType = sourcecode.swift; path = HomeInteractor.swift; sourceTree = "<group>"; };
		3E9495B627477EA500D30659 /* HomePresenter.swift */ = {isa = PBXFileReference; lastKnownFileType = sourcecode.swift; path = HomePresenter.swift; sourceTree = "<group>"; };
		3E9495B9274783E700D30659 /* Injection.swift */ = {isa = PBXFileReference; lastKnownFileType = sourcecode.swift; path = Injection.swift; sourceTree = "<group>"; };
		3E9495BD2747C06F00D30659 /* UserEntity.swift */ = {isa = PBXFileReference; lastKnownFileType = sourcecode.swift; path = UserEntity.swift; sourceTree = "<group>"; };
		3E9495BF2747C08100D30659 /* LocaleDataSource.swift */ = {isa = PBXFileReference; lastKnownFileType = sourcecode.swift; path = LocaleDataSource.swift; sourceTree = "<group>"; };
		3E9B45AE274B42BD005BDEAE /* FavoritesViewController.swift */ = {isa = PBXFileReference; lastKnownFileType = sourcecode.swift; path = FavoritesViewController.swift; sourceTree = "<group>"; };
		3E9B45B0274B43DE005BDEAE /* FavoriteTableViewCell.swift */ = {isa = PBXFileReference; lastKnownFileType = sourcecode.swift; path = FavoriteTableViewCell.swift; sourceTree = "<group>"; };
		3E9B45B1274B43DE005BDEAE /* FavoriteTableViewCell.xib */ = {isa = PBXFileReference; lastKnownFileType = file.xib; path = FavoriteTableViewCell.xib; sourceTree = "<group>"; };
		3E9B45B4274B4FB2005BDEAE /* FavoriteInteractor.swift */ = {isa = PBXFileReference; lastKnownFileType = sourcecode.swift; path = FavoriteInteractor.swift; sourceTree = "<group>"; };
		3E9B45B7274B5363005BDEAE /* FavoritePresenter.swift */ = {isa = PBXFileReference; lastKnownFileType = sourcecode.swift; path = FavoritePresenter.swift; sourceTree = "<group>"; };
		6B07F81DD2A0399049BEC781 /* Pods_GithubUserApp.framework */ = {isa = PBXFileReference; explicitFileType = wrapper.framework; includeInIndex = 0; path = Pods_GithubUserApp.framework; sourceTree = BUILT_PRODUCTS_DIR; };
		FA469F4A04FF97C3E18B8F45 /* Pods-GithubUserApp.release.xcconfig */ = {isa = PBXFileReference; includeInIndex = 1; lastKnownFileType = text.xcconfig; name = "Pods-GithubUserApp.release.xcconfig"; path = "Target Support Files/Pods-GithubUserApp/Pods-GithubUserApp.release.xcconfig"; sourceTree = "<group>"; };
		FA627112850ED32784D49D25 /* Pods-GithubUserApp.debug.xcconfig */ = {isa = PBXFileReference; includeInIndex = 1; lastKnownFileType = text.xcconfig; name = "Pods-GithubUserApp.debug.xcconfig"; path = "Target Support Files/Pods-GithubUserApp/Pods-GithubUserApp.debug.xcconfig"; sourceTree = "<group>"; };
/* End PBXFileReference section */

/* Begin PBXFrameworksBuildPhase section */
		3E949574274742F300D30659 /* Frameworks */ = {
			isa = PBXFrameworksBuildPhase;
			buildActionMask = 2147483647;
			files = (
				15B39AD7FDC6E8F7B0A0D289 /* Pods_GithubUserApp.framework in Frameworks */,
			);
			runOnlyForDeploymentPostprocessing = 0;
		};
/* End PBXFrameworksBuildPhase section */

/* Begin PBXGroup section */
		3E3637E1274DC5EF00FE9A96 /* Router */ = {
			isa = PBXGroup;
			children = (
				3E3637E2274DC5FF00FE9A96 /* FavoriteRouter.swift */,
			);
			path = Router;
			sourceTree = "<group>";
		};
		3E3637E4274DCBDB00FE9A96 /* UI */ = {
			isa = PBXGroup;
			children = (
				3E3637E5274DCBF300FE9A96 /* Alert.swift */,
			);
			path = UI;
			sourceTree = "<group>";
		};
		3E3637E9274DDBF300FE9A96 /* Profile */ = {
			isa = PBXGroup;
			children = (
				3E3637EA274DDC0600FE9A96 /* ProfileViewController.swift */,
			);
			path = Profile;
			sourceTree = "<group>";
		};
		3E61C4D5274A3C8F00D58E98 /* Detail User */ = {
			isa = PBXGroup;
			children = (
				3E61C4EC274A78F900D58E98 /* Presenter */,
				3E61C4EB274A78E100D58E98 /* View */,
			);
			path = "Detail User";
			sourceTree = "<group>";
		};
		3E61C4E6274A745100D58E98 /* Router */ = {
			isa = PBXGroup;
			children = (
				3E61C4E9274A74EF00D58E98 /* HomeRouter.swift */,
			);
			path = Router;
			sourceTree = "<group>";
		};
		3E61C4E7274A74B800D58E98 /* View */ = {
			isa = PBXGroup;
			children = (
				3E949595274750CC00D30659 /* HomeViewController.swift */,
				3E9495972747527A00D30659 /* HomeTableViewCell.swift */,
				3E9495982747527A00D30659 /* HomeTableViewCell.xib */,
			);
			path = View;
			sourceTree = "<group>";
		};
		3E61C4E8274A74BE00D58E98 /* Presenter */ = {
			isa = PBXGroup;
			children = (
				3E9495B627477EA500D30659 /* HomePresenter.swift */,
			);
			path = Presenter;
			sourceTree = "<group>";
		};
		3E61C4EB274A78E100D58E98 /* View */ = {
			isa = PBXGroup;
			children = (
				3E61C4D7274A3D7000D58E98 /* DetailViewController.xib */,
				3E61C4D6274A3D7000D58E98 /* DetailViewController.swift */,
			);
			path = View;
			sourceTree = "<group>";
		};
		3E61C4EC274A78F900D58E98 /* Presenter */ = {
			isa = PBXGroup;
			children = (
				3E61C4E0274A5D2200D58E98 /* DetailUserPresenter.swift */,
			);
			path = Presenter;
			sourceTree = "<group>";
		};
		3E94956E274742F300D30659 = {
			isa = PBXGroup;
			children = (
				3E94958E2747443400D30659 /* .swiftlint.yml */,
				3E949579274742F300D30659 /* GithubUserApp */,
				3E949578274742F300D30659 /* Products */,
				90F7BD30D196205889C908AD /* Pods */,
				88A958D3F73D395BCF51D826 /* Frameworks */,
			);
			sourceTree = "<group>";
		};
		3E949578274742F300D30659 /* Products */ = {
			isa = PBXGroup;
			children = (
				3E949577274742F300D30659 /* GithubUserApp.app */,
			);
			name = Products;
			sourceTree = "<group>";
		};
		3E949579274742F300D30659 /* GithubUserApp */ = {
			isa = PBXGroup;
			children = (
				3E949591274744B800D30659 /* App */,
				3E94959B274759A300D30659 /* Core */,
				3E9495932747508E00D30659 /* Module */,
				3E949592274744C600D30659 /* Supporting Files */,
			);
			path = GithubUserApp;
			sourceTree = "<group>";
		};
		3E949591274744B800D30659 /* App */ = {
			isa = PBXGroup;
			children = (
				3E94957A274742F300D30659 /* AppDelegate.swift */,
				3E94957C274742F300D30659 /* SceneDelegate.swift */,
			);
			path = App;
			sourceTree = "<group>";
		};
		3E949592274744C600D30659 /* Supporting Files */ = {
			isa = PBXGroup;
			children = (
				3E949580274742F300D30659 /* Main.storyboard */,
				3E949583274742F400D30659 /* Assets.xcassets */,
				3E949585274742F400D30659 /* LaunchScreen.storyboard */,
				3E949588274742F400D30659 /* Info.plist */,
				3E3637E7274DD34D00FE9A96 /* APIToken-Info.plist */,
			);
			path = "Supporting Files";
			sourceTree = "<group>";
		};
		3E9495932747508E00D30659 /* Module */ = {
			isa = PBXGroup;
			children = (
				3E3637E9274DDBF300FE9A96 /* Profile */,
				3E9B45AC274B4294005BDEAE /* Favorites */,
				3E61C4D5274A3C8F00D58E98 /* Detail User */,
				3E9495942747509B00D30659 /* Home */,
			);
			path = Module;
			sourceTree = "<group>";
		};
		3E9495942747509B00D30659 /* Home */ = {
			isa = PBXGroup;
			children = (
				3E61C4E8274A74BE00D58E98 /* Presenter */,
				3E61C4E7274A74B800D58E98 /* View */,
				3E61C4E6274A745100D58E98 /* Router */,
			);
			path = Home;
			sourceTree = "<group>";
		};
		3E94959B274759A300D30659 /* Core */ = {
			isa = PBXGroup;
			children = (
				3E9495A027475AFF00D30659 /* Data */,
				3E9495B8274783DE00D30659 /* DI */,
				3E94959C274759C400D30659 /* Domain */,
				3E9495A727475D3000D30659 /* Utils */,
			);
			path = Core;
			sourceTree = "<group>";
		};
		3E94959C274759C400D30659 /* Domain */ = {
			isa = PBXGroup;
			children = (
				3E9495B327477AF900D30659 /* UseCase */,
				3E94959D27475A0200D30659 /* Model */,
			);
			path = Domain;
			sourceTree = "<group>";
		};
		3E94959D27475A0200D30659 /* Model */ = {
			isa = PBXGroup;
			children = (
				3E94959E27475A1A00D30659 /* UserModel.swift */,
				3E61C4DA274A4C6300D58E98 /* DetailUserModel.swift */,
			);
			path = Model;
			sourceTree = "<group>";
		};
		3E9495A027475AFF00D30659 /* Data */ = {
			isa = PBXGroup;
			children = (
				3E9495BB2747BB5300D30659 /* Locale */,
				3E9495A127475B0400D30659 /* Remote */,
				3E9495AE2747737B00D30659 /* UserRepository.swift */,
			);
			path = Data;
			sourceTree = "<group>";
		};
		3E9495A127475B0400D30659 /* Remote */ = {
			isa = PBXGroup;
			children = (
				3E9495A227475B2200D30659 /* Response */,
				3E9495A527475C2B00D30659 /* RemoteDataSource.swift */,
			);
			path = Remote;
			sourceTree = "<group>";
		};
		3E9495A227475B2200D30659 /* Response */ = {
			isa = PBXGroup;
			children = (
				3E9495A327475B3800D30659 /* UserResponse.swift */,
				3E61C4DC274A54DD00D58E98 /* DetailUserResponse.swift */,
			);
			path = Response;
			sourceTree = "<group>";
		};
		3E9495A727475D3000D30659 /* Utils */ = {
			isa = PBXGroup;
			children = (
				3E3637E4274DCBDB00FE9A96 /* UI */,
				3E9495B02747781900D30659 /* Mapper */,
				3E9495AB27475F7400D30659 /* Network */,
				3E9495A827475D3500D30659 /* Extensions */,
			);
			path = Utils;
			sourceTree = "<group>";
		};
		3E9495A827475D3500D30659 /* Extensions */ = {
			isa = PBXGroup;
			children = (
				3E9495A927475D5800D30659 /* CustomeError+Ext.swift */,
				3E61C4E4274A726F00D58E98 /* UIImageView+Ext.swift */,
			);
			path = Extensions;
			sourceTree = "<group>";
		};
		3E9495AB27475F7400D30659 /* Network */ = {
			isa = PBXGroup;
			children = (
				3E9495AC27475F8D00D30659 /* APICall.swift */,
			);
			path = Network;
			sourceTree = "<group>";
		};
		3E9495B02747781900D30659 /* Mapper */ = {
			isa = PBXGroup;
			children = (
				3E9495B12747782600D30659 /* UserMapper.swift */,
				3E61C4DE274A59BE00D58E98 /* DetailUserMapper.swift */,
			);
			path = Mapper;
			sourceTree = "<group>";
		};
		3E9495B327477AF900D30659 /* UseCase */ = {
			isa = PBXGroup;
			children = (
				3E9495B427477B0D00D30659 /* HomeInteractor.swift */,
				3E61C4E2274A6BFE00D58E98 /* DetailUserInteractor.swift */,
				3E9B45B4274B4FB2005BDEAE /* FavoriteInteractor.swift */,
			);
			path = UseCase;
			sourceTree = "<group>";
		};
		3E9495B8274783DE00D30659 /* DI */ = {
			isa = PBXGroup;
			children = (
				3E9495B9274783E700D30659 /* Injection.swift */,
			);
			path = DI;
			sourceTree = "<group>";
		};
		3E9495BB2747BB5300D30659 /* Locale */ = {
			isa = PBXGroup;
			children = (
				3E9495BC2747C05D00D30659 /* Entity */,
				3E9495BF2747C08100D30659 /* LocaleDataSource.swift */,
			);
			path = Locale;
			sourceTree = "<group>";
		};
		3E9495BC2747C05D00D30659 /* Entity */ = {
			isa = PBXGroup;
			children = (
				3E9495BD2747C06F00D30659 /* UserEntity.swift */,
				3E61C4F3274A8CCF00D58E98 /* DetailUserEntity.swift */,
			);
			path = Entity;
			sourceTree = "<group>";
		};
		3E9B45AC274B4294005BDEAE /* Favorites */ = {
			isa = PBXGroup;
			children = (
				3E3637E1274DC5EF00FE9A96 /* Router */,
				3E9B45B6274B5326005BDEAE /* Presenter */,
				3E9B45AD274B42AA005BDEAE /* View */,
			);
			path = Favorites;
			sourceTree = "<group>";
		};
		3E9B45AD274B42AA005BDEAE /* View */ = {
			isa = PBXGroup;
			children = (
				3E9B45AE274B42BD005BDEAE /* FavoritesViewController.swift */,
				3E9B45B0274B43DE005BDEAE /* FavoriteTableViewCell.swift */,
				3E9B45B1274B43DE005BDEAE /* FavoriteTableViewCell.xib */,
			);
			path = View;
			sourceTree = "<group>";
		};
		3E9B45B6274B5326005BDEAE /* Presenter */ = {
			isa = PBXGroup;
			children = (
				3E9B45B7274B5363005BDEAE /* FavoritePresenter.swift */,
			);
			path = Presenter;
			sourceTree = "<group>";
		};
		88A958D3F73D395BCF51D826 /* Frameworks */ = {
			isa = PBXGroup;
			children = (
				6B07F81DD2A0399049BEC781 /* Pods_GithubUserApp.framework */,
			);
			name = Frameworks;
			sourceTree = "<group>";
		};
		90F7BD30D196205889C908AD /* Pods */ = {
			isa = PBXGroup;
			children = (
				FA627112850ED32784D49D25 /* Pods-GithubUserApp.debug.xcconfig */,
				FA469F4A04FF97C3E18B8F45 /* Pods-GithubUserApp.release.xcconfig */,
			);
			path = Pods;
			sourceTree = "<group>";
		};
/* End PBXGroup section */

/* Begin PBXNativeTarget section */
		3E949576274742F300D30659 /* GithubUserApp */ = {
			isa = PBXNativeTarget;
			buildConfigurationList = 3E94958B274742F400D30659 /* Build configuration list for PBXNativeTarget "GithubUserApp" */;
			buildPhases = (
				B89100E8E629771BFBE103C5 /* [CP] Check Pods Manifest.lock */,
				3E949573274742F300D30659 /* Sources */,
				3E949574274742F300D30659 /* Frameworks */,
				3E949575274742F300D30659 /* Resources */,
				DCAF8C3B4BF63F82524000CC /* [CP] Embed Pods Frameworks */,
				3E9495902747448400D30659 /* ShellScript */,
			);
			buildRules = (
			);
			dependencies = (
			);
			name = GithubUserApp;
			productName = GithubUserApp;
			productReference = 3E949577274742F300D30659 /* GithubUserApp.app */;
			productType = "com.apple.product-type.application";
		};
/* End PBXNativeTarget section */

/* Begin PBXProject section */
		3E94956F274742F300D30659 /* Project object */ = {
			isa = PBXProject;
			attributes = {
				LastSwiftUpdateCheck = 1250;
				LastUpgradeCheck = 1250;
				ORGANIZATIONNAME = "Wakhid Saiful Hidayat";
				TargetAttributes = {
					3E949576274742F300D30659 = {
						CreatedOnToolsVersion = 12.5;
					};
				};
			};
			buildConfigurationList = 3E949572274742F300D30659 /* Build configuration list for PBXProject "GithubUserApp" */;
			compatibilityVersion = "Xcode 9.3";
			developmentRegion = en;
			hasScannedForEncodings = 0;
			knownRegions = (
				en,
				Base,
			);
			mainGroup = 3E94956E274742F300D30659;
			productRefGroup = 3E949578274742F300D30659 /* Products */;
			projectDirPath = "";
			projectRoot = "";
			targets = (
				3E949576274742F300D30659 /* GithubUserApp */,
			);
		};
/* End PBXProject section */

/* Begin PBXResourcesBuildPhase section */
		3E949575274742F300D30659 /* Resources */ = {
			isa = PBXResourcesBuildPhase;
			buildActionMask = 2147483647;
			files = (
				3E94958F2747443400D30659 /* .swiftlint.yml in Resources */,
				3E3637E8274DD34D00FE9A96 /* APIToken-Info.plist in Resources */,
				3E61C4D9274A3D7000D58E98 /* DetailViewController.xib in Resources */,
				3E949587274742F400D30659 /* LaunchScreen.storyboard in Resources */,
				3E949584274742F400D30659 /* Assets.xcassets in Resources */,
				3E9B45B3274B43DE005BDEAE /* FavoriteTableViewCell.xib in Resources */,
				3E94959A2747527A00D30659 /* HomeTableViewCell.xib in Resources */,
				3E949582274742F300D30659 /* Main.storyboard in Resources */,
			);
			runOnlyForDeploymentPostprocessing = 0;
		};
/* End PBXResourcesBuildPhase section */

/* Begin PBXShellScriptBuildPhase section */
		3E9495902747448400D30659 /* ShellScript */ = {
			isa = PBXShellScriptBuildPhase;
			buildActionMask = 2147483647;
			files = (
			);
			inputFileListPaths = (
			);
			inputPaths = (
			);
			outputFileListPaths = (
			);
			outputPaths = (
			);
			runOnlyForDeploymentPostprocessing = 0;
			shellPath = /bin/sh;
			shellScript = "# Type a script or drag a script file from your workspace to insert its path.\nif which swiftlint >/dev/null; then \n    swiftlint \nelse \n    echo \"warning: SwiftLint not installed, download from https://github.com/realm/SwiftLint\" \nfi\n";
		};
		B89100E8E629771BFBE103C5 /* [CP] Check Pods Manifest.lock */ = {
			isa = PBXShellScriptBuildPhase;
			buildActionMask = 2147483647;
			files = (
			);
			inputFileListPaths = (
			);
			inputPaths = (
				"${PODS_PODFILE_DIR_PATH}/Podfile.lock",
				"${PODS_ROOT}/Manifest.lock",
			);
			name = "[CP] Check Pods Manifest.lock";
			outputFileListPaths = (
			);
			outputPaths = (
				"$(DERIVED_FILE_DIR)/Pods-GithubUserApp-checkManifestLockResult.txt",
			);
			runOnlyForDeploymentPostprocessing = 0;
			shellPath = /bin/sh;
			shellScript = "diff \"${PODS_PODFILE_DIR_PATH}/Podfile.lock\" \"${PODS_ROOT}/Manifest.lock\" > /dev/null\nif [ $? != 0 ] ; then\n    # print error to STDERR\n    echo \"error: The sandbox is not in sync with the Podfile.lock. Run 'pod install' or update your CocoaPods installation.\" >&2\n    exit 1\nfi\n# This output is used by Xcode 'outputs' to avoid re-running this script phase.\necho \"SUCCESS\" > \"${SCRIPT_OUTPUT_FILE_0}\"\n";
			showEnvVarsInLog = 0;
		};
		DCAF8C3B4BF63F82524000CC /* [CP] Embed Pods Frameworks */ = {
			isa = PBXShellScriptBuildPhase;
			buildActionMask = 2147483647;
			files = (
			);
			inputFileListPaths = (
				"${PODS_ROOT}/Target Support Files/Pods-GithubUserApp/Pods-GithubUserApp-frameworks-${CONFIGURATION}-input-files.xcfilelist",
			);
			name = "[CP] Embed Pods Frameworks";
			outputFileListPaths = (
				"${PODS_ROOT}/Target Support Files/Pods-GithubUserApp/Pods-GithubUserApp-frameworks-${CONFIGURATION}-output-files.xcfilelist",
			);
			runOnlyForDeploymentPostprocessing = 0;
			shellPath = /bin/sh;
			shellScript = "\"${PODS_ROOT}/Target Support Files/Pods-GithubUserApp/Pods-GithubUserApp-frameworks.sh\"\n";
			showEnvVarsInLog = 0;
		};
/* End PBXShellScriptBuildPhase section */

/* Begin PBXSourcesBuildPhase section */
		3E949573274742F300D30659 /* Sources */ = {
			isa = PBXSourcesBuildPhase;
			buildActionMask = 2147483647;
			files = (
				3E9B45AF274B42BD005BDEAE /* FavoritesViewController.swift in Sources */,
				3E94957B274742F300D30659 /* AppDelegate.swift in Sources */,
				3E9B45B5274B4FB2005BDEAE /* FavoriteInteractor.swift in Sources */,
				3E61C4F4274A8CCF00D58E98 /* DetailUserEntity.swift in Sources */,
				3E61C4DB274A4C6300D58E98 /* DetailUserModel.swift in Sources */,
				3E61C4DD274A54DD00D58E98 /* DetailUserResponse.swift in Sources */,
				3E3637EB274DDC0600FE9A96 /* ProfileViewController.swift in Sources */,
				3E61C4D8274A3D7000D58E98 /* DetailViewController.swift in Sources */,
				3E61C4E5274A726F00D58E98 /* UIImageView+Ext.swift in Sources */,
				3E9495A627475C2B00D30659 /* RemoteDataSource.swift in Sources */,
				3E94957D274742F300D30659 /* SceneDelegate.swift in Sources */,
				3E61C4E3274A6BFE00D58E98 /* DetailUserInteractor.swift in Sources */,
				3E9495B527477B0D00D30659 /* HomeInteractor.swift in Sources */,
				3E3637E6274DCBF300FE9A96 /* Alert.swift in Sources */,
				3E9495992747527A00D30659 /* HomeTableViewCell.swift in Sources */,
				3E61C4DF274A59BE00D58E98 /* DetailUserMapper.swift in Sources */,
				3E9B45B2274B43DE005BDEAE /* FavoriteTableViewCell.swift in Sources */,
				3E9495B22747782600D30659 /* UserMapper.swift in Sources */,
				3E94959F27475A1A00D30659 /* UserModel.swift in Sources */,
				3E61C4EA274A74EF00D58E98 /* HomeRouter.swift in Sources */,
				3E9495BA274783E700D30659 /* Injection.swift in Sources */,
				3E949596274750CC00D30659 /* HomeViewController.swift in Sources */,
				3E3637E3274DC5FF00FE9A96 /* FavoriteRouter.swift in Sources */,
				3E61C4E1274A5D2200D58E98 /* DetailUserPresenter.swift in Sources */,
				3E9495A427475B3800D30659 /* UserResponse.swift in Sources */,
				3E9495B727477EA500D30659 /* HomePresenter.swift in Sources */,
				3E9B45B8274B5363005BDEAE /* FavoritePresenter.swift in Sources */,
				3E9495AA27475D5800D30659 /* CustomeError+Ext.swift in Sources */,
				3E9495C02747C08100D30659 /* LocaleDataSource.swift in Sources */,
				3E9495AF2747737B00D30659 /* UserRepository.swift in Sources */,
				3E9495BE2747C06F00D30659 /* UserEntity.swift in Sources */,
				3E9495AD27475F8D00D30659 /* APICall.swift in Sources */,
			);
			runOnlyForDeploymentPostprocessing = 0;
		};
/* End PBXSourcesBuildPhase section */

/* Begin PBXVariantGroup section */
		3E949580274742F300D30659 /* Main.storyboard */ = {
			isa = PBXVariantGroup;
			children = (
				3E949581274742F300D30659 /* Base */,
			);
			name = Main.storyboard;
			sourceTree = "<group>";
		};
		3E949585274742F400D30659 /* LaunchScreen.storyboard */ = {
			isa = PBXVariantGroup;
			children = (
				3E949586274742F400D30659 /* Base */,
			);
			name = LaunchScreen.storyboard;
			sourceTree = "<group>";
		};
/* End PBXVariantGroup section */

/* Begin XCBuildConfiguration section */
		3E949589274742F400D30659 /* Debug */ = {
			isa = XCBuildConfiguration;
			buildSettings = {
				ALWAYS_SEARCH_USER_PATHS = NO;
				CLANG_ANALYZER_NONNULL = YES;
				CLANG_ANALYZER_NUMBER_OBJECT_CONVERSION = YES_AGGRESSIVE;
				CLANG_CXX_LANGUAGE_STANDARD = "gnu++14";
				CLANG_CXX_LIBRARY = "libc++";
				CLANG_ENABLE_MODULES = YES;
				CLANG_ENABLE_OBJC_ARC = YES;
				CLANG_ENABLE_OBJC_WEAK = YES;
				CLANG_WARN_BLOCK_CAPTURE_AUTORELEASING = YES;
				CLANG_WARN_BOOL_CONVERSION = YES;
				CLANG_WARN_COMMA = YES;
				CLANG_WARN_CONSTANT_CONVERSION = YES;
				CLANG_WARN_DEPRECATED_OBJC_IMPLEMENTATIONS = YES;
				CLANG_WARN_DIRECT_OBJC_ISA_USAGE = YES_ERROR;
				CLANG_WARN_DOCUMENTATION_COMMENTS = YES;
				CLANG_WARN_EMPTY_BODY = YES;
				CLANG_WARN_ENUM_CONVERSION = YES;
				CLANG_WARN_INFINITE_RECURSION = YES;
				CLANG_WARN_INT_CONVERSION = YES;
				CLANG_WARN_NON_LITERAL_NULL_CONVERSION = YES;
				CLANG_WARN_OBJC_IMPLICIT_RETAIN_SELF = YES;
				CLANG_WARN_OBJC_LITERAL_CONVERSION = YES;
				CLANG_WARN_OBJC_ROOT_CLASS = YES_ERROR;
				CLANG_WARN_QUOTED_INCLUDE_IN_FRAMEWORK_HEADER = YES;
				CLANG_WARN_RANGE_LOOP_ANALYSIS = YES;
				CLANG_WARN_STRICT_PROTOTYPES = YES;
				CLANG_WARN_SUSPICIOUS_MOVE = YES;
				CLANG_WARN_UNGUARDED_AVAILABILITY = YES_AGGRESSIVE;
				CLANG_WARN_UNREACHABLE_CODE = YES;
				CLANG_WARN__DUPLICATE_METHOD_MATCH = YES;
				COPY_PHASE_STRIP = NO;
				DEBUG_INFORMATION_FORMAT = dwarf;
				ENABLE_STRICT_OBJC_MSGSEND = YES;
				ENABLE_TESTABILITY = YES;
				GCC_C_LANGUAGE_STANDARD = gnu11;
				GCC_DYNAMIC_NO_PIC = NO;
				GCC_NO_COMMON_BLOCKS = YES;
				GCC_OPTIMIZATION_LEVEL = 0;
				GCC_PREPROCESSOR_DEFINITIONS = (
					"DEBUG=1",
					"$(inherited)",
				);
				GCC_WARN_64_TO_32_BIT_CONVERSION = YES;
				GCC_WARN_ABOUT_RETURN_TYPE = YES_ERROR;
				GCC_WARN_UNDECLARED_SELECTOR = YES;
				GCC_WARN_UNINITIALIZED_AUTOS = YES_AGGRESSIVE;
				GCC_WARN_UNUSED_FUNCTION = YES;
				GCC_WARN_UNUSED_VARIABLE = YES;
				IPHONEOS_DEPLOYMENT_TARGET = 14.5;
				MTL_ENABLE_DEBUG_INFO = INCLUDE_SOURCE;
				MTL_FAST_MATH = YES;
				ONLY_ACTIVE_ARCH = YES;
				SDKROOT = iphoneos;
				SWIFT_ACTIVE_COMPILATION_CONDITIONS = DEBUG;
				SWIFT_OPTIMIZATION_LEVEL = "-Onone";
			};
			name = Debug;
		};
		3E94958A274742F400D30659 /* Release */ = {
			isa = XCBuildConfiguration;
			buildSettings = {
				ALWAYS_SEARCH_USER_PATHS = NO;
				CLANG_ANALYZER_NONNULL = YES;
				CLANG_ANALYZER_NUMBER_OBJECT_CONVERSION = YES_AGGRESSIVE;
				CLANG_CXX_LANGUAGE_STANDARD = "gnu++14";
				CLANG_CXX_LIBRARY = "libc++";
				CLANG_ENABLE_MODULES = YES;
				CLANG_ENABLE_OBJC_ARC = YES;
				CLANG_ENABLE_OBJC_WEAK = YES;
				CLANG_WARN_BLOCK_CAPTURE_AUTORELEASING = YES;
				CLANG_WARN_BOOL_CONVERSION = YES;
				CLANG_WARN_COMMA = YES;
				CLANG_WARN_CONSTANT_CONVERSION = YES;
				CLANG_WARN_DEPRECATED_OBJC_IMPLEMENTATIONS = YES;
				CLANG_WARN_DIRECT_OBJC_ISA_USAGE = YES_ERROR;
				CLANG_WARN_DOCUMENTATION_COMMENTS = YES;
				CLANG_WARN_EMPTY_BODY = YES;
				CLANG_WARN_ENUM_CONVERSION = YES;
				CLANG_WARN_INFINITE_RECURSION = YES;
				CLANG_WARN_INT_CONVERSION = YES;
				CLANG_WARN_NON_LITERAL_NULL_CONVERSION = YES;
				CLANG_WARN_OBJC_IMPLICIT_RETAIN_SELF = YES;
				CLANG_WARN_OBJC_LITERAL_CONVERSION = YES;
				CLANG_WARN_OBJC_ROOT_CLASS = YES_ERROR;
				CLANG_WARN_QUOTED_INCLUDE_IN_FRAMEWORK_HEADER = YES;
				CLANG_WARN_RANGE_LOOP_ANALYSIS = YES;
				CLANG_WARN_STRICT_PROTOTYPES = YES;
				CLANG_WARN_SUSPICIOUS_MOVE = YES;
				CLANG_WARN_UNGUARDED_AVAILABILITY = YES_AGGRESSIVE;
				CLANG_WARN_UNREACHABLE_CODE = YES;
				CLANG_WARN__DUPLICATE_METHOD_MATCH = YES;
				COPY_PHASE_STRIP = NO;
				DEBUG_INFORMATION_FORMAT = "dwarf-with-dsym";
				ENABLE_NS_ASSERTIONS = NO;
				ENABLE_STRICT_OBJC_MSGSEND = YES;
				GCC_C_LANGUAGE_STANDARD = gnu11;
				GCC_NO_COMMON_BLOCKS = YES;
				GCC_WARN_64_TO_32_BIT_CONVERSION = YES;
				GCC_WARN_ABOUT_RETURN_TYPE = YES_ERROR;
				GCC_WARN_UNDECLARED_SELECTOR = YES;
				GCC_WARN_UNINITIALIZED_AUTOS = YES_AGGRESSIVE;
				GCC_WARN_UNUSED_FUNCTION = YES;
				GCC_WARN_UNUSED_VARIABLE = YES;
				IPHONEOS_DEPLOYMENT_TARGET = 14.5;
				MTL_ENABLE_DEBUG_INFO = NO;
				MTL_FAST_MATH = YES;
				SDKROOT = iphoneos;
				SWIFT_COMPILATION_MODE = wholemodule;
				SWIFT_OPTIMIZATION_LEVEL = "-O";
				VALIDATE_PRODUCT = YES;
			};
			name = Release;
		};
		3E94958C274742F400D30659 /* Debug */ = {
			isa = XCBuildConfiguration;
			baseConfigurationReference = FA627112850ED32784D49D25 /* Pods-GithubUserApp.debug.xcconfig */;
			buildSettings = {
				ASSETCATALOG_COMPILER_APPICON_NAME = AppIcon;
				ASSETCATALOG_COMPILER_GLOBAL_ACCENT_COLOR_NAME = AccentColor;
				CODE_SIGN_STYLE = Automatic;
				DEVELOPMENT_TEAM = 94XJVN3C32;
				INFOPLIST_FILE = "GithubUserApp/Supporting Files/Info.plist";
				LD_RUNPATH_SEARCH_PATHS = (
					"$(inherited)",
					"@executable_path/Frameworks",
				);
				PRODUCT_BUNDLE_IDENTIFIER = com.wahidhidayat.GithubUserApp;
				PRODUCT_NAME = "$(TARGET_NAME)";
				SWIFT_VERSION = 5.0;
				TARGETED_DEVICE_FAMILY = "1,2";
			};
			name = Debug;
		};
		3E94958D274742F400D30659 /* Release */ = {
			isa = XCBuildConfiguration;
			baseConfigurationReference = FA469F4A04FF97C3E18B8F45 /* Pods-GithubUserApp.release.xcconfig */;
			buildSettings = {
				ASSETCATALOG_COMPILER_APPICON_NAME = AppIcon;
				ASSETCATALOG_COMPILER_GLOBAL_ACCENT_COLOR_NAME = AccentColor;
				CODE_SIGN_STYLE = Automatic;
				DEVELOPMENT_TEAM = 94XJVN3C32;
				INFOPLIST_FILE = "GithubUserApp/Supporting Files/Info.plist";
				LD_RUNPATH_SEARCH_PATHS = (
					"$(inherited)",
					"@executable_path/Frameworks",
				);
				PRODUCT_BUNDLE_IDENTIFIER = com.wahidhidayat.GithubUserApp;
				PRODUCT_NAME = "$(TARGET_NAME)";
				SWIFT_VERSION = 5.0;
				TARGETED_DEVICE_FAMILY = "1,2";
			};
			name = Release;
		};
/* End XCBuildConfiguration section */

/* Begin XCConfigurationList section */
		3E949572274742F300D30659 /* Build configuration list for PBXProject "GithubUserApp" */ = {
			isa = XCConfigurationList;
			buildConfigurations = (
				3E949589274742F400D30659 /* Debug */,
				3E94958A274742F400D30659 /* Release */,
			);
			defaultConfigurationIsVisible = 0;
			defaultConfigurationName = Release;
		};
		3E94958B274742F400D30659 /* Build configuration list for PBXNativeTarget "GithubUserApp" */ = {
			isa = XCConfigurationList;
			buildConfigurations = (
				3E94958C274742F400D30659 /* Debug */,
				3E94958D274742F400D30659 /* Release */,
			);
			defaultConfigurationIsVisible = 0;
			defaultConfigurationName = Release;
		};
/* End XCConfigurationList section */
	};
	rootObject = 3E94956F274742F300D30659 /* Project object */;
}
